
Microsoft Visual Studio Solution File, Format Version 12.00
# Visual Studio Version 16
VisualStudioVersion = 16.0.30804.86
MinimumVisualStudioVersion = 10.0.40219.1
Project("{FAE04EC0-301F-11D3-BF4B-00C04F79EFBC}") = "EmailSave", "EmailSave\EmailSave.csproj", "{9E2C8001-90A4-4ED0-9E60-51EAA4036119}"
EndProject
Global
	GlobalSection(SolutionConfigurationPlatforms) = preSolution
		Debug|Any CPU = Debug|Any CPU
		Release|Any CPU = Release|Any CPU
	EndGlobalSection
	GlobalSection(ProjectConfigurationPlatforms) = postSolution
		{9E2C8001-90A4-4ED0-9E60-51EAA4036119}.Debug|Any CPU.ActiveCfg = Debug|Any CPU
		{9E2C8001-90A4-4ED0-9E60-51EAA4036119}.Debug|Any CPU.Build.0 = Debug|Any CPU
		{9E2C8001-90A4-4ED0-9E60-51EAA4036119}.Release|Any CPU.ActiveCfg = Release|Any CPU
		{9E2C8001-90A4-4ED0-9E60-51EAA4036119}.Release|Any CPU.Build.0 = Release|Any CPU
	EndGlobalSection
	GlobalSection(SolutionProperties) = preSolution
		HideSolutionNode = FALSE
	EndGlobalSection
	GlobalSection(ExtensibilityGlobals) = postSolution
		SolutionGuid = {F3C61F20-538C-483D-981C-3B9BC06E9139}
	EndGlobalSection
EndGlobal
